
Microsoft Visual Studio Solution File, Format Version 12.00
# Visual Studio 15
VisualStudioVersion = 15.0.26730.15
MinimumVisualStudioVersion = 10.0.40219.1
Project("{9A19103F-16F7-4668-BE54-9A1E7A4F7556}") = "LambdaVariableExtractor", "LambdaVariableExtractor\LambdaVariableExtractor.csproj", "{1C10ADF9-9F24-4D5D-8E55-D21F0A63133F}"
EndProject
Project("{FAE04EC0-301F-11D3-BF4B-00C04F79EFBC}") = "LambdaVariableExtractor.Test", "LambdaVariableExtractor.Test\LambdaVariableExtractor.Test.csproj", "{0DAD4BC1-124B-4D0E-ACBC-9417AA77277D}"
EndProject
Global
	GlobalSection(SolutionConfigurationPlatforms) = preSolution
		Debug|Any CPU = Debug|Any CPU
		Release|Any CPU = Release|Any CPU
	EndGlobalSection
	GlobalSection(ProjectConfigurationPlatforms) = postSolution
		{1C10ADF9-9F24-4D5D-8E55-D21F0A63133F}.Debug|Any CPU.ActiveCfg = Debug|Any CPU
		{1C10ADF9-9F24-4D5D-8E55-D21F0A63133F}.Debug|Any CPU.Build.0 = Debug|Any CPU
		{1C10ADF9-9F24-4D5D-8E55-D21F0A63133F}.Release|Any CPU.ActiveCfg = Release|Any CPU
		{1C10ADF9-9F24-4D5D-8E55-D21F0A63133F}.Release|Any CPU.Build.0 = Release|Any CPU
		{0DAD4BC1-124B-4D0E-ACBC-9417AA77277D}.Debug|Any CPU.ActiveCfg = Debug|Any CPU
		{0DAD4BC1-124B-4D0E-ACBC-9417AA77277D}.Debug|Any CPU.Build.0 = Debug|Any CPU
		{0DAD4BC1-124B-4D0E-ACBC-9417AA77277D}.Release|Any CPU.ActiveCfg = Release|Any CPU
		{0DAD4BC1-124B-4D0E-ACBC-9417AA77277D}.Release|Any CPU.Build.0 = Release|Any CPU
	EndGlobalSection
	GlobalSection(SolutionProperties) = preSolution
		HideSolutionNode = FALSE
	EndGlobalSection
	GlobalSection(ExtensibilityGlobals) = postSolution
		SolutionGuid = {F4016014-C430-411E-B524-02E021DCB38A}
	EndGlobalSection
EndGlobal
